
Microsoft Visual Studio Solution File, Format Version 12.00
# Visual Studio Version 17
VisualStudioVersion = 17.8.34322.80
MinimumVisualStudioVersion = 10.0.40219.1
Project("{FAE04EC0-301F-11D3-BF4B-00C04F79EFBC}") = "ASPCoreWebAPI", "ASPCoreWebAPI\ASPCoreWebAPI.csproj", "{A919198F-3D94-4B95-AFE9-DCE81D2C9619}"
EndProject
Global
	GlobalSection(SolutionConfigurationPlatforms) = preSolution
		Debug|Any CPU = Debug|Any CPU
		Release|Any CPU = Release|Any CPU
	EndGlobalSection
	GlobalSection(ProjectConfigurationPlatforms) = postSolution
		{A919198F-3D94-4B95-AFE9-DCE81D2C9619}.Debug|Any CPU.ActiveCfg = Debug|Any CPU
		{A919198F-3D94-4B95-AFE9-DCE81D2C9619}.Debug|Any CPU.Build.0 = Debug|Any CPU
		{A919198F-3D94-4B95-AFE9-DCE81D2C9619}.Release|Any CPU.ActiveCfg = Release|Any CPU
		{A919198F-3D94-4B95-AFE9-DCE81D2C9619}.Release|Any CPU.Build.0 = Release|Any CPU
	EndGlobalSection
	GlobalSection(SolutionProperties) = preSolution
		HideSolutionNode = FALSE
	EndGlobalSection
	GlobalSection(ExtensibilityGlobals) = postSolution
		SolutionGuid = {CB612CFF-3871-453D-8E09-07B00BE1E762}
	EndGlobalSection
EndGlobal
